# This file is autogenerated, do not edit; changes may be undone by the next 'dep ensure'.


[[projects]]
  name = "github.com/certifi/gocertifi"
  packages = ["."]
  revision = "deb3ae2ef2610fde3330947281941c562861188b"
  version = "2018.01.18"

[[projects]]
  branch = "master"
  name = "github.com/getsentry/raven-go"
  packages = ["."]
  revision = "563b81fc02b75d664e54da31f787c2cc2186780b"

[[projects]]
  branch = "master"
  name = "github.com/iotaledger/giota"
  packages = [
    ".",
    "cl"
  ]
  revision = "878232e0fc914d9e734311deb84877bc1e1dafcb"

[[projects]]
  name = "github.com/joho/godotenv"
  packages = ["."]
  revision = "a79fa1e548e2c689c241d10173efd51e5d689d5b"
  version = "v1.2.0"

[[projects]]
  name = "github.com/pkg/errors"
  packages = ["."]
  revision = "645ef00459ed84a119197bfb8d8205042c6df63d"
  version = "v0.8.0"

[[projects]]
  branch = "master"
  name = "leb.io/hashland"
  packages = ["keccakpg"]
  revision = "07375b562deaa8d6891f9618a04e94a0b98e2ee7"

[solve-meta]
  analyzer-name = "dep"
  analyzer-version = 1
  inputs-digest = "5e785fab6dfc0298e28c3170003e69c87ce40c1170473830af75838cb3fd7734"
  solver-name = "gps-cdcl"
  solver-version = 1
